
Microsoft Visual Studio Solution File, Format Version 12.00
# Visual Studio Version 16
VisualStudioVersion = 16.0.29201.188
MinimumVisualStudioVersion = 10.0.40219.1
Project("{FAE04EC0-301F-11D3-BF4B-00C04F79EFBC}") = "HappyMailWpf", "HappyMail\HappyMailWpf.csproj", "{BCF2D7BC-544A-41E8-B3B1-D4B55314AFBC}"
EndProject
Project("{9A19103F-16F7-4668-BE54-9A1E7A4F7556}") = "MailStorage", "MailStorage\MailStorage.csproj", "{D4C0F58D-FB57-49BC-BD9A-181BF661A4FF}"
EndProject
Project("{9A19103F-16F7-4668-BE54-9A1E7A4F7556}") = "MailModule", "MailModule\MailModule.csproj", "{CD397E86-7361-4BC7-8D0E-E61A9B0A01DA}"
EndProject
Project("{9A19103F-16F7-4668-BE54-9A1E7A4F7556}") = "MailStorageTests", "MailStorageTests\MailStorageTests.csproj", "{DD7FE63B-71CD-46BF-897A-C3B32148313A}"
EndProject
Project("{9A19103F-16F7-4668-BE54-9A1E7A4F7556}") = "MailModuleTests", "MailModuleTests\MailModuleTests.csproj", "{438EE9C0-EFAB-47A2-A6D9-5A64034E5DCD}"
EndProject
Project("{2150E333-8FDC-42A3-9474-1A3956D46DE8}") = "UnitTests", "UnitTests", "{C6323907-BA05-4053-8395-0A19AF5C7CA3}"
EndProject
Project("{2150E333-8FDC-42A3-9474-1A3956D46DE8}") = "Services", "Services", "{2A5D8E80-375D-41BA-94DC-C713AF9597D3}"
EndProject
Project("{2150E333-8FDC-42A3-9474-1A3956D46DE8}") = "UI", "UI", "{13F5400D-CD5D-4B75-958F-88804F327D84}"
EndProject
Project("{2150E333-8FDC-42A3-9474-1A3956D46DE8}") = "MailClient", "MailClient", "{448A45BB-D508-41A1-B98E-8487FDD1604B}"
EndProject
Project("{2150E333-8FDC-42A3-9474-1A3956D46DE8}") = "MailStorage", "MailStorage", "{97DE1EB1-72EC-4AAB-8F55-3464BA4D1F42}"
EndProject
Project("{9A19103F-16F7-4668-BE54-9A1E7A4F7556}") = "MailDll", "MailDll\MailDll.csproj", "{790EF8ED-66F3-4EDF-A0CB-0640D45CE47A}"
EndProject
Project("{9A19103F-16F7-4668-BE54-9A1E7A4F7556}") = "Models", "MailHelpers\Models.csproj", "{D22E4309-9FF2-47D6-96B1-C3942C5888C0}"
EndProject
Project("{2150E333-8FDC-42A3-9474-1A3956D46DE8}") = "MailData", "MailData", "{52EB1D83-F9FD-4DD1-B1F5-35305D17FC1E}"
EndProject
Project("{9A19103F-16F7-4668-BE54-9A1E7A4F7556}") = "MailConfig", "MailConfig\MailConfig.csproj", "{4E805B29-41FC-428A-B7BF-5FC38666A125}"
EndProject
Project("{2150E333-8FDC-42A3-9474-1A3956D46DE8}") = "MailProviders", "MailProviders", "{7BD0BD4B-4B5F-4DA5-8C14-336859966901}"
EndProject
Global
	GlobalSection(SolutionConfigurationPlatforms) = preSolution
		Debug|Any CPU = Debug|Any CPU
		Release|Any CPU = Release|Any CPU
	EndGlobalSection
	GlobalSection(ProjectConfigurationPlatforms) = postSolution
		{BCF2D7BC-544A-41E8-B3B1-D4B55314AFBC}.Debug|Any CPU.ActiveCfg = Debug|Any CPU
		{BCF2D7BC-544A-41E8-B3B1-D4B55314AFBC}.Debug|Any CPU.Build.0 = Debug|Any CPU
		{BCF2D7BC-544A-41E8-B3B1-D4B55314AFBC}.Release|Any CPU.ActiveCfg = Release|Any CPU
		{BCF2D7BC-544A-41E8-B3B1-D4B55314AFBC}.Release|Any CPU.Build.0 = Release|Any CPU
		{D4C0F58D-FB57-49BC-BD9A-181BF661A4FF}.Debug|Any CPU.ActiveCfg = Debug|Any CPU
		{D4C0F58D-FB57-49BC-BD9A-181BF661A4FF}.Debug|Any CPU.Build.0 = Debug|Any CPU
		{D4C0F58D-FB57-49BC-BD9A-181BF661A4FF}.Release|Any CPU.ActiveCfg = Release|Any CPU
		{D4C0F58D-FB57-49BC-BD9A-181BF661A4FF}.Release|Any CPU.Build.0 = Release|Any CPU
		{CD397E86-7361-4BC7-8D0E-E61A9B0A01DA}.Debug|Any CPU.ActiveCfg = Debug|Any CPU
		{CD397E86-7361-4BC7-8D0E-E61A9B0A01DA}.Debug|Any CPU.Build.0 = Debug|Any CPU
		{CD397E86-7361-4BC7-8D0E-E61A9B0A01DA}.Release|Any CPU.ActiveCfg = Release|Any CPU
		{CD397E86-7361-4BC7-8D0E-E61A9B0A01DA}.Release|Any CPU.Build.0 = Release|Any CPU
		{DD7FE63B-71CD-46BF-897A-C3B32148313A}.Debug|Any CPU.ActiveCfg = Debug|Any CPU
		{DD7FE63B-71CD-46BF-897A-C3B32148313A}.Debug|Any CPU.Build.0 = Debug|Any CPU
		{DD7FE63B-71CD-46BF-897A-C3B32148313A}.Release|Any CPU.ActiveCfg = Release|Any CPU
		{DD7FE63B-71CD-46BF-897A-C3B32148313A}.Release|Any CPU.Build.0 = Release|Any CPU
		{438EE9C0-EFAB-47A2-A6D9-5A64034E5DCD}.Debug|Any CPU.ActiveCfg = Debug|Any CPU
		{438EE9C0-EFAB-47A2-A6D9-5A64034E5DCD}.Debug|Any CPU.Build.0 = Debug|Any CPU
		{438EE9C0-EFAB-47A2-A6D9-5A64034E5DCD}.Release|Any CPU.ActiveCfg = Release|Any CPU
		{438EE9C0-EFAB-47A2-A6D9-5A64034E5DCD}.Release|Any CPU.Build.0 = Release|Any CPU
		{790EF8ED-66F3-4EDF-A0CB-0640D45CE47A}.Debug|Any CPU.ActiveCfg = Debug|Any CPU
		{790EF8ED-66F3-4EDF-A0CB-0640D45CE47A}.Debug|Any CPU.Build.0 = Debug|Any CPU
		{790EF8ED-66F3-4EDF-A0CB-0640D45CE47A}.Release|Any CPU.ActiveCfg = Release|Any CPU
		{790EF8ED-66F3-4EDF-A0CB-0640D45CE47A}.Release|Any CPU.Build.0 = Release|Any CPU
		{D22E4309-9FF2-47D6-96B1-C3942C5888C0}.Debug|Any CPU.ActiveCfg = Debug|Any CPU
		{D22E4309-9FF2-47D6-96B1-C3942C5888C0}.Debug|Any CPU.Build.0 = Debug|Any CPU
		{D22E4309-9FF2-47D6-96B1-C3942C5888C0}.Release|Any CPU.ActiveCfg = Release|Any CPU
		{D22E4309-9FF2-47D6-96B1-C3942C5888C0}.Release|Any CPU.Build.0 = Release|Any CPU
		{4E805B29-41FC-428A-B7BF-5FC38666A125}.Debug|Any CPU.ActiveCfg = Debug|Any CPU
		{4E805B29-41FC-428A-B7BF-5FC38666A125}.Debug|Any CPU.Build.0 = Debug|Any CPU
		{4E805B29-41FC-428A-B7BF-5FC38666A125}.Release|Any CPU.ActiveCfg = Release|Any CPU
		{4E805B29-41FC-428A-B7BF-5FC38666A125}.Release|Any CPU.Build.0 = Release|Any CPU
	EndGlobalSection
	GlobalSection(SolutionProperties) = preSolution
		HideSolutionNode = FALSE
	EndGlobalSection
	GlobalSection(NestedProjects) = preSolution
		{BCF2D7BC-544A-41E8-B3B1-D4B55314AFBC} = {13F5400D-CD5D-4B75-958F-88804F327D84}
		{D4C0F58D-FB57-49BC-BD9A-181BF661A4FF} = {97DE1EB1-72EC-4AAB-8F55-3464BA4D1F42}
		{CD397E86-7361-4BC7-8D0E-E61A9B0A01DA} = {448A45BB-D508-41A1-B98E-8487FDD1604B}
		{DD7FE63B-71CD-46BF-897A-C3B32148313A} = {C6323907-BA05-4053-8395-0A19AF5C7CA3}
		{438EE9C0-EFAB-47A2-A6D9-5A64034E5DCD} = {C6323907-BA05-4053-8395-0A19AF5C7CA3}
		{448A45BB-D508-41A1-B98E-8487FDD1604B} = {2A5D8E80-375D-41BA-94DC-C713AF9597D3}
		{97DE1EB1-72EC-4AAB-8F55-3464BA4D1F42} = {2A5D8E80-375D-41BA-94DC-C713AF9597D3}
		{790EF8ED-66F3-4EDF-A0CB-0640D45CE47A} = {7BD0BD4B-4B5F-4DA5-8C14-336859966901}
		{D22E4309-9FF2-47D6-96B1-C3942C5888C0} = {52EB1D83-F9FD-4DD1-B1F5-35305D17FC1E}
		{52EB1D83-F9FD-4DD1-B1F5-35305D17FC1E} = {2A5D8E80-375D-41BA-94DC-C713AF9597D3}
		{4E805B29-41FC-428A-B7BF-5FC38666A125} = {448A45BB-D508-41A1-B98E-8487FDD1604B}
		{7BD0BD4B-4B5F-4DA5-8C14-336859966901} = {448A45BB-D508-41A1-B98E-8487FDD1604B}
	EndGlobalSection
	GlobalSection(ExtensibilityGlobals) = postSolution
		SolutionGuid = {C7E3AE25-426E-4B98-8B62-855DD51D6740}
	EndGlobalSection
EndGlobal
